
Microsoft Visual Studio Solution File, Format Version 12.00
# Visual Studio Version 17
VisualStudioVersion = 17.7.34009.444
MinimumVisualStudioVersion = 10.0.40219.1
Project("{FAE04EC0-301F-11D3-BF4B-00C04F79EFBC}") = "Es2PlusApiTest", "Es2PlusApiTest\Es2PlusApiTest.csproj", "{45E4FB08-955F-4EAF-B56F-EBE91134EA93}"
EndProject
Global
	GlobalSection(SolutionConfigurationPlatforms) = preSolution
		Debug|Any CPU = Debug|Any CPU
		Release|Any CPU = Release|Any CPU
	EndGlobalSection
	GlobalSection(ProjectConfigurationPlatforms) = postSolution
		{45E4FB08-955F-4EAF-B56F-EBE91134EA93}.Debug|Any CPU.ActiveCfg = Debug|Any CPU
		{45E4FB08-955F-4EAF-B56F-EBE91134EA93}.Debug|Any CPU.Build.0 = Debug|Any CPU
		{45E4FB08-955F-4EAF-B56F-EBE91134EA93}.Release|Any CPU.ActiveCfg = Release|Any CPU
		{45E4FB08-955F-4EAF-B56F-EBE91134EA93}.Release|Any CPU.Build.0 = Release|Any CPU
	EndGlobalSection
	GlobalSection(SolutionProperties) = preSolution
		HideSolutionNode = FALSE
	EndGlobalSection
	GlobalSection(ExtensibilityGlobals) = postSolution
		SolutionGuid = {32E9B233-CC2E-42A6-B54F-2A3D7D0EB096}
	EndGlobalSection
EndGlobal
